// !$*UTF8*$!
{
	archiveVersion = 1;
	classes = {
	};
	objectVersion = 56;
	objects = {

/* Begin PBXBuildFile section */
		3B631E6D2C1AF96300F03A1B /* AppDelegate.swift in Sources */ = {isa = PBXBuildFile; fileRef = 3B631E6C2C1AF96300F03A1B /* AppDelegate.swift */; };
		3B631E6F2C1AF96300F03A1B /* SceneDelegate.swift in Sources */ = {isa = PBXBuildFile; fileRef = 3B631E6E2C1AF96300F03A1B /* SceneDelegate.swift */; };
		3B631E712C1AF96300F03A1B /* ViewController.swift in Sources */ = {isa = PBXBuildFile; fileRef = 3B631E702C1AF96300F03A1B /* ViewController.swift */; };
		3B631E742C1AF96300F03A1B /* Main.storyboard in Resources */ = {isa = PBXBuildFile; fileRef = 3B631E722C1AF96300F03A1B /* Main.storyboard */; };
		3B631E762C1AF96500F03A1B /* Assets.xcassets in Resources */ = {isa = PBXBuildFile; fileRef = 3B631E752C1AF96500F03A1B /* Assets.xcassets */; };
		3B631E792C1AF96500F03A1B /* LaunchScreen.storyboard in Resources */ = {isa = PBXBuildFile; fileRef = 3B631E772C1AF96500F03A1B /* LaunchScreen.storyboard */; };
		3B631E842C1AF96500F03A1B /* referenceTests.swift in Sources */ = {isa = PBXBuildFile; fileRef = 3B631E832C1AF96500F03A1B /* referenceTests.swift */; };
		3B631E8E2C1AF96500F03A1B /* referenceUITests.swift in Sources */ = {isa = PBXBuildFile; fileRef = 3B631E8D2C1AF96500F03A1B /* referenceUITests.swift */; };
		3B631E902C1AF96500F03A1B /* referenceUITestsLaunchTests.swift in Sources */ = {isa = PBXBuildFile; fileRef = 3B631E8F2C1AF96500F03A1B /* referenceUITestsLaunchTests.swift */; };
		3B631E9E2C1AFBB600F03A1B /* KeychainAccess in Frameworks */ = {isa = PBXBuildFile; productRef = 3B631E9D2C1AFBB600F03A1B /* KeychainAccess */; };
		3B631EA22C1AFBCC00F03A1B /* Kingfisher in Frameworks */ = {isa = PBXBuildFile; productRef = 3B631EA12C1AFBCC00F03A1B /* Kingfisher */; };
		3B631EA52C1AFC0900F03A1B /* PKHUD in Frameworks */ = {isa = PBXBuildFile; productRef = 3B631EA42C1AFC0900F03A1B /* PKHUD */; };
/* End PBXBuildFile section */

/* Begin PBXContainerItemProxy section */
		3B631E802C1AF96500F03A1B /* PBXContainerItemProxy */ = {
			isa = PBXContainerItemProxy;
			containerPortal = 3B631E612C1AF96300F03A1B /* Project object */;
			proxyType = 1;
			remoteGlobalIDString = 3B631E682C1AF96300F03A1B;
			remoteInfo = reference;
		};
		3B631E8A2C1AF96500F03A1B /* PBXContainerItemProxy */ = {
			isa = PBXContainerItemProxy;
			containerPortal = 3B631E612C1AF96300F03A1B /* Project object */;
			proxyType = 1;
			remoteGlobalIDString = 3B631E682C1AF96300F03A1B;
			remoteInfo = reference;
		};
/* End PBXContainerItemProxy section */

/* Begin PBXFileReference section */
		3B631E692C1AF96300F03A1B /* reference.app */ = {isa = PBXFileReference; explicitFileType = wrapper.application; includeInIndex = 0; path = reference.app; sourceTree = BUILT_PRODUCTS_DIR; };
		3B631E6C2C1AF96300F03A1B /* AppDelegate.swift */ = {isa = PBXFileReference; lastKnownFileType = sourcecode.swift; path = AppDelegate.swift; sourceTree = "<group>"; };
		3B631E6E2C1AF96300F03A1B /* SceneDelegate.swift */ = {isa = PBXFileReference; lastKnownFileType = sourcecode.swift; path = SceneDelegate.swift; sourceTree = "<group>"; };
		3B631E702C1AF96300F03A1B /* ViewController.swift */ = {isa = PBXFileReference; lastKnownFileType = sourcecode.swift; path = ViewController.swift; sourceTree = "<group>"; };
		3B631E732C1AF96300F03A1B /* Base */ = {isa = PBXFileReference; lastKnownFileType = file.storyboard; name = Base; path = Base.lproj/Main.storyboard; sourceTree = "<group>"; };
		3B631E752C1AF96500F03A1B /* Assets.xcassets */ = {isa = PBXFileReference; lastKnownFileType = folder.assetcatalog; path = Assets.xcassets; sourceTree = "<group>"; };
		3B631E782C1AF96500F03A1B /* Base */ = {isa = PBXFileReference; lastKnownFileType = file.storyboard; name = Base; path = Base.lproj/LaunchScreen.storyboard; sourceTree = "<group>"; };
		3B631E7A2C1AF96500F03A1B /* Info.plist */ = {isa = PBXFileReference; lastKnownFileType = text.plist.xml; path = Info.plist; sourceTree = "<group>"; };
		3B631E7F2C1AF96500F03A1B /* referenceTests.xctest */ = {isa = PBXFileReference; explicitFileType = wrapper.cfbundle; includeInIndex = 0; path = referenceTests.xctest; sourceTree = BUILT_PRODUCTS_DIR; };
		3B631E832C1AF96500F03A1B /* referenceTests.swift */ = {isa = PBXFileReference; lastKnownFileType = sourcecode.swift; path = referenceTests.swift; sourceTree = "<group>"; };
		3B631E892C1AF96500F03A1B /* referenceUITests.xctest */ = {isa = PBXFileReference; explicitFileType = wrapper.cfbundle; includeInIndex = 0; path = referenceUITests.xctest; sourceTree = BUILT_PRODUCTS_DIR; };
		3B631E8D2C1AF96500F03A1B /* referenceUITests.swift */ = {isa = PBXFileReference; lastKnownFileType = sourcecode.swift; path = referenceUITests.swift; sourceTree = "<group>"; };
		3B631E8F2C1AF96500F03A1B /* referenceUITestsLaunchTests.swift */ = {isa = PBXFileReference; lastKnownFileType = sourcecode.swift; path = referenceUITestsLaunchTests.swift; sourceTree = "<group>"; };
/* End PBXFileReference section */

/* Begin PBXFrameworksBuildPhase section */
		3B631E662C1AF96300F03A1B /* Frameworks */ = {
			isa = PBXFrameworksBuildPhase;
			buildActionMask = 2147483647;
			files = (
				3B631EA52C1AFC0900F03A1B /* PKHUD in Frameworks */,
				3B631EA22C1AFBCC00F03A1B /* Kingfisher in Frameworks */,
				3B631E9E2C1AFBB600F03A1B /* KeychainAccess in Frameworks */,
			);
			runOnlyForDeploymentPostprocessing = 0;
		};
		3B631E7C2C1AF96500F03A1B /* Frameworks */ = {
			isa = PBXFrameworksBuildPhase;
			buildActionMask = 2147483647;
			files = (
			);
			runOnlyForDeploymentPostprocessing = 0;
		};
		3B631E862C1AF96500F03A1B /* Frameworks */ = {
			isa = PBXFrameworksBuildPhase;
			buildActionMask = 2147483647;
			files = (
			);
			runOnlyForDeploymentPostprocessing = 0;
		};
/* End PBXFrameworksBuildPhase section */

/* Begin PBXGroup section */
		3B631E602C1AF96300F03A1B = {
			isa = PBXGroup;
			children = (
				3B631E6B2C1AF96300F03A1B /* reference */,
				3B631E822C1AF96500F03A1B /* referenceTests */,
				3B631E8C2C1AF96500F03A1B /* referenceUITests */,
				3B631E6A2C1AF96300F03A1B /* Products */,
			);
			sourceTree = "<group>";
		};
		3B631E6A2C1AF96300F03A1B /* Products */ = {
			isa = PBXGroup;
			children = (
				3B631E692C1AF96300F03A1B /* reference.app */,
				3B631E7F2C1AF96500F03A1B /* referenceTests.xctest */,
				3B631E892C1AF96500F03A1B /* referenceUITests.xctest */,
			);
			name = Products;
			sourceTree = "<group>";
		};
		3B631E6B2C1AF96300F03A1B /* reference */ = {
			isa = PBXGroup;
			children = (
				3B631E6C2C1AF96300F03A1B /* AppDelegate.swift */,
				3B631E6E2C1AF96300F03A1B /* SceneDelegate.swift */,
				3B631E702C1AF96300F03A1B /* ViewController.swift */,
				3B631E722C1AF96300F03A1B /* Main.storyboard */,
				3B631E752C1AF96500F03A1B /* Assets.xcassets */,
				3B631E772C1AF96500F03A1B /* LaunchScreen.storyboard */,
				3B631E7A2C1AF96500F03A1B /* Info.plist */,
			);
			path = reference;
			sourceTree = "<group>";
		};
		3B631E822C1AF96500F03A1B /* referenceTests */ = {
			isa = PBXGroup;
			children = (
				3B631E832C1AF96500F03A1B /* referenceTests.swift */,
			);
			path = referenceTests;
			sourceTree = "<group>";
		};
		3B631E8C2C1AF96500F03A1B /* referenceUITests */ = {
			isa = PBXGroup;
			children = (
				3B631E8D2C1AF96500F03A1B /* referenceUITests.swift */,
				3B631E8F2C1AF96500F03A1B /* referenceUITestsLaunchTests.swift */,
			);
			path = referenceUITests;
			sourceTree = "<group>";
		};
/* End PBXGroup section */

/* Begin PBXNativeTarget section */
		3B631E682C1AF96300F03A1B /* reference */ = {
			isa = PBXNativeTarget;
			buildConfigurationList = 3B631E932C1AF96500F03A1B /* Build configuration list for PBXNativeTarget "reference" */;
			buildPhases = (
				3B631E652C1AF96300F03A1B /* Sources */,
				3B631E662C1AF96300F03A1B /* Frameworks */,
				3B631E672C1AF96300F03A1B /* Resources */,
			);
			buildRules = (
			);
			dependencies = (
			);
			name = reference;
			packageProductDependencies = (
				3B631E9D2C1AFBB600F03A1B /* KeychainAccess */,
				3B631EA12C1AFBCC00F03A1B /* Kingfisher */,
				3B631EA42C1AFC0900F03A1B /* PKHUD */,
			);
			productName = reference;
			productReference = 3B631E692C1AF96300F03A1B /* reference.app */;
			productType = "com.apple.product-type.application";
		};
		3B631E7E2C1AF96500F03A1B /* referenceTests */ = {
			isa = PBXNativeTarget;
			buildConfigurationList = 3B631E962C1AF96500F03A1B /* Build configuration list for PBXNativeTarget "referenceTests" */;
			buildPhases = (
				3B631E7B2C1AF96500F03A1B /* Sources */,
				3B631E7C2C1AF96500F03A1B /* Frameworks */,
				3B631E7D2C1AF96500F03A1B /* Resources */,
			);
			buildRules = (
			);
			dependencies = (
				3B631E812C1AF96500F03A1B /* PBXTargetDependency */,
			);
			name = referenceTests;
			productName = referenceTests;
			productReference = 3B631E7F2C1AF96500F03A1B /* referenceTests.xctest */;
			productType = "com.apple.product-type.bundle.unit-test";
		};
		3B631E882C1AF96500F03A1B /* referenceUITests */ = {
			isa = PBXNativeTarget;
			buildConfigurationList = 3B631E992C1AF96500F03A1B /* Build configuration list for PBXNativeTarget "referenceUITests" */;
			buildPhases = (
				3B631E852C1AF96500F03A1B /* Sources */,
				3B631E862C1AF96500F03A1B /* Frameworks */,
				3B631E872C1AF96500F03A1B /* Resources */,
			);
			buildRules = (
			);
			dependencies = (
				3B631E8B2C1AF96500F03A1B /* PBXTargetDependency */,
			);
			name = referenceUITests;
			productName = referenceUITests;
			productReference = 3B631E892C1AF96500F03A1B /* referenceUITests.xctest */;
			productType = "com.apple.product-type.bundle.ui-testing";
		};
/* End PBXNativeTarget section */

/* Begin PBXProject section */
		3B631E612C1AF96300F03A1B /* Project object */ = {
			isa = PBXProject;
			attributes = {
				BuildIndependentTargetsInParallel = 1;
				LastSwiftUpdateCheck = 1520;
				LastUpgradeCheck = 1520;
				TargetAttributes = {
					3B631E682C1AF96300F03A1B = {
						CreatedOnToolsVersion = 15.2;
					};
					3B631E7E2C1AF96500F03A1B = {
						CreatedOnToolsVersion = 15.2;
						TestTargetID = 3B631E682C1AF96300F03A1B;
					};
					3B631E882C1AF96500F03A1B = {
						CreatedOnToolsVersion = 15.2;
						TestTargetID = 3B631E682C1AF96300F03A1B;
					};
				};
			};
			buildConfigurationList = 3B631E642C1AF96300F03A1B /* Build configuration list for PBXProject "reference" */;
			compatibilityVersion = "Xcode 14.0";
			developmentRegion = en;
			hasScannedForEncodings = 0;
			knownRegions = (
				en,
				Base,
			);
			mainGroup = 3B631E602C1AF96300F03A1B;
			packageReferences = (
				3B631E9C2C1AFBB600F03A1B /* XCRemoteSwiftPackageReference "KeychainAccess" */,
				3B631E9F2C1AFBC000F03A1B /* XCRemoteSwiftPackageReference "Alamofire" */,
				3B631EA02C1AFBCC00F03A1B /* XCRemoteSwiftPackageReference "Kingfisher" */,
				3B631EA32C1AFC0900F03A1B /* XCRemoteSwiftPackageReference "PKHUD" */,
			);
			productRefGroup = 3B631E6A2C1AF96300F03A1B /* Products */;
			projectDirPath = "";
			projectRoot = "";
			targets = (
				3B631E682C1AF96300F03A1B /* reference */,
				3B631E7E2C1AF96500F03A1B /* referenceTests */,
				3B631E882C1AF96500F03A1B /* referenceUITests */,
			);
		};
/* End PBXProject section */

/* Begin PBXResourcesBuildPhase section */
		3B631E672C1AF96300F03A1B /* Resources */ = {
			isa = PBXResourcesBuildPhase;
			buildActionMask = 2147483647;
			files = (
				3B631E792C1AF96500F03A1B /* LaunchScreen.storyboard in Resources */,
				3B631E762C1AF96500F03A1B /* Assets.xcassets in Resources */,
				3B631E742C1AF96300F03A1B /* Main.storyboard in Resources */,
			);
			runOnlyForDeploymentPostprocessing = 0;
		};
		3B631E7D2C1AF96500F03A1B /* Resources */ = {
			isa = PBXResourcesBuildPhase;
			buildActionMask = 2147483647;
			files = (
			);
			runOnlyForDeploymentPostprocessing = 0;
		};
		3B631E872C1AF96500F03A1B /* Resources */ = {
			isa = PBXResourcesBuildPhase;
			buildActionMask = 2147483647;
			files = (
			);
			runOnlyForDeploymentPostprocessing = 0;
		};
/* End PBXResourcesBuildPhase section */

/* Begin PBXSourcesBuildPhase section */
		3B631E652C1AF96300F03A1B /* Sources */ = {
			isa = PBXSourcesBuildPhase;
			buildActionMask = 2147483647;
			files = (
				3B631E712C1AF96300F03A1B /* ViewController.swift in Sources */,
				3B631E6D2C1AF96300F03A1B /* AppDelegate.swift in Sources */,
				3B631E6F2C1AF96300F03A1B /* SceneDelegate.swift in Sources */,
			);
			runOnlyForDeploymentPostprocessing = 0;
		};
		3B631E7B2C1AF96500F03A1B /* Sources */ = {
			isa = PBXSourcesBuildPhase;
			buildActionMask = 2147483647;
			files = (
				3B631E842C1AF96500F03A1B /* referenceTests.swift in Sources */,
			);
			runOnlyForDeploymentPostprocessing = 0;
		};
		3B631E852C1AF96500F03A1B /* Sources */ = {
			isa = PBXSourcesBuildPhase;
			buildActionMask = 2147483647;
			files = (
				3B631E902C1AF96500F03A1B /* referenceUITestsLaunchTests.swift in Sources */,
				3B631E8E2C1AF96500F03A1B /* referenceUITests.swift in Sources */,
			);
			runOnlyForDeploymentPostprocessing = 0;
		};
/* End PBXSourcesBuildPhase section */

/* Begin PBXTargetDependency section */
		3B631E812C1AF96500F03A1B /* PBXTargetDependency */ = {
			isa = PBXTargetDependency;
			target = 3B631E682C1AF96300F03A1B /* reference */;
			targetProxy = 3B631E802C1AF96500F03A1B /* PBXContainerItemProxy */;
		};
		3B631E8B2C1AF96500F03A1B /* PBXTargetDependency */ = {
			isa = PBXTargetDependency;
			target = 3B631E682C1AF96300F03A1B /* reference */;
			targetProxy = 3B631E8A2C1AF96500F03A1B /* PBXContainerItemProxy */;
		};
/* End PBXTargetDependency section */

/* Begin PBXVariantGroup section */
		3B631E722C1AF96300F03A1B /* Main.storyboard */ = {
			isa = PBXVariantGroup;
			children = (
				3B631E732C1AF96300F03A1B /* Base */,
			);
			name = Main.storyboard;
			sourceTree = "<group>";
		};
		3B631E772C1AF96500F03A1B /* LaunchScreen.storyboard */ = {
			isa = PBXVariantGroup;
			children = (
				3B631E782C1AF96500F03A1B /* Base */,
			);
			name = LaunchScreen.storyboard;
			sourceTree = "<group>";
		};
/* End PBXVariantGroup section */

/* Begin XCBuildConfiguration section */
		3B631E912C1AF96500F03A1B /* Debug */ = {
			isa = XCBuildConfiguration;
			buildSettings = {
				ALWAYS_SEARCH_USER_PATHS = NO;
				ASSETCATALOG_COMPILER_GENERATE_SWIFT_ASSET_SYMBOL_EXTENSIONS = YES;
				CLANG_ANALYZER_NONNULL = YES;
				CLANG_ANALYZER_NUMBER_OBJECT_CONVERSION = YES_AGGRESSIVE;
				CLANG_CXX_LANGUAGE_STANDARD = "gnu++20";
				CLANG_ENABLE_MODULES = YES;
				CLANG_ENABLE_OBJC_ARC = YES;
				CLANG_ENABLE_OBJC_WEAK = YES;
				CLANG_WARN_BLOCK_CAPTURE_AUTORELEASING = YES;
				CLANG_WARN_BOOL_CONVERSION = YES;
				CLANG_WARN_COMMA = YES;
				CLANG_WARN_CONSTANT_CONVERSION = YES;
				CLANG_WARN_DEPRECATED_OBJC_IMPLEMENTATIONS = YES;
				CLANG_WARN_DIRECT_OBJC_ISA_USAGE = YES_ERROR;
				CLANG_WARN_DOCUMENTATION_COMMENTS = YES;
				CLANG_WARN_EMPTY_BODY = YES;
				CLANG_WARN_ENUM_CONVERSION = YES;
				CLANG_WARN_INFINITE_RECURSION = YES;
				CLANG_WARN_INT_CONVERSION = YES;
				CLANG_WARN_NON_LITERAL_NULL_CONVERSION = YES;
				CLANG_WARN_OBJC_IMPLICIT_RETAIN_SELF = YES;
				CLANG_WARN_OBJC_LITERAL_CONVERSION = YES;
				CLANG_WARN_OBJC_ROOT_CLASS = YES_ERROR;
				CLANG_WARN_QUOTED_INCLUDE_IN_FRAMEWORK_HEADER = YES;
				CLANG_WARN_RANGE_LOOP_ANALYSIS = YES;
				CLANG_WARN_STRICT_PROTOTYPES = YES;
				CLANG_WARN_SUSPICIOUS_MOVE = YES;
				CLANG_WARN_UNGUARDED_AVAILABILITY = YES_AGGRESSIVE;
				CLANG_WARN_UNREACHABLE_CODE = YES;
				CLANG_WARN__DUPLICATE_METHOD_MATCH = YES;
				COPY_PHASE_STRIP = NO;
				DEBUG_INFORMATION_FORMAT = dwarf;
				ENABLE_STRICT_OBJC_MSGSEND = YES;
				ENABLE_TESTABILITY = YES;
				ENABLE_USER_SCRIPT_SANDBOXING = YES;
				GCC_C_LANGUAGE_STANDARD = gnu17;
				GCC_DYNAMIC_NO_PIC = NO;
				GCC_NO_COMMON_BLOCKS = YES;
				GCC_OPTIMIZATION_LEVEL = 0;
				GCC_PREPROCESSOR_DEFINITIONS = (
					"DEBUG=1",
					"$(inherited)",
				);
				GCC_WARN_64_TO_32_BIT_CONVERSION = YES;
				GCC_WARN_ABOUT_RETURN_TYPE = YES_ERROR;
				GCC_WARN_UNDECLARED_SELECTOR = YES;
				GCC_WARN_UNINITIALIZED_AUTOS = YES_AGGRESSIVE;
				GCC_WARN_UNUSED_FUNCTION = YES;
				GCC_WARN_UNUSED_VARIABLE = YES;
				IPHONEOS_DEPLOYMENT_TARGET = 17.2;
				LOCALIZATION_PREFERS_STRING_CATALOGS = YES;
				MTL_ENABLE_DEBUG_INFO = INCLUDE_SOURCE;
				MTL_FAST_MATH = YES;
				ONLY_ACTIVE_ARCH = YES;
				SDKROOT = iphoneos;
				SWIFT_ACTIVE_COMPILATION_CONDITIONS = "DEBUG $(inherited)";
				SWIFT_OPTIMIZATION_LEVEL = "-Onone";
			};
			name = Debug;
		};
		3B631E922C1AF96500F03A1B /* Release */ = {
			isa = XCBuildConfiguration;
			buildSettings = {
				ALWAYS_SEARCH_USER_PATHS = NO;
				ASSETCATALOG_COMPILER_GENERATE_SWIFT_ASSET_SYMBOL_EXTENSIONS = YES;
				CLANG_ANALYZER_NONNULL = YES;
				CLANG_ANALYZER_NUMBER_OBJECT_CONVERSION = YES_AGGRESSIVE;
				CLANG_CXX_LANGUAGE_STANDARD = "gnu++20";
				CLANG_ENABLE_MODULES = YES;
				CLANG_ENABLE_OBJC_ARC = YES;
				CLANG_ENABLE_OBJC_WEAK = YES;
				CLANG_WARN_BLOCK_CAPTURE_AUTORELEASING = YES;
				CLANG_WARN_BOOL_CONVERSION = YES;
				CLANG_WARN_COMMA = YES;
				CLANG_WARN_CONSTANT_CONVERSION = YES;
				CLANG_WARN_DEPRECATED_OBJC_IMPLEMENTATIONS = YES;
				CLANG_WARN_DIRECT_OBJC_ISA_USAGE = YES_ERROR;
				CLANG_WARN_DOCUMENTATION_COMMENTS = YES;
				CLANG_WARN_EMPTY_BODY = YES;
				CLANG_WARN_ENUM_CONVERSION = YES;
				CLANG_WARN_INFINITE_RECURSION = YES;
				CLANG_WARN_INT_CONVERSION = YES;
				CLANG_WARN_NON_LITERAL_NULL_CONVERSION = YES;
				CLANG_WARN_OBJC_IMPLICIT_RETAIN_SELF = YES;
				CLANG_WARN_OBJC_LITERAL_CONVERSION = YES;
				CLANG_WARN_OBJC_ROOT_CLASS = YES_ERROR;
				CLANG_WARN_QUOTED_INCLUDE_IN_FRAMEWORK_HEADER = YES;
				CLANG_WARN_RANGE_LOOP_ANALYSIS = YES;
				CLANG_WARN_STRICT_PROTOTYPES = YES;
				CLANG_WARN_SUSPICIOUS_MOVE = YES;
				CLANG_WARN_UNGUARDED_AVAILABILITY = YES_AGGRESSIVE;
				CLANG_WARN_UNREACHABLE_CODE = YES;
				CLANG_WARN__DUPLICATE_METHOD_MATCH = YES;
				COPY_PHASE_STRIP = NO;
				DEBUG_INFORMATION_FORMAT = "dwarf-with-dsym";
				ENABLE_NS_ASSERTIONS = NO;
				ENABLE_STRICT_OBJC_MSGSEND = YES;
				ENABLE_USER_SCRIPT_SANDBOXING = YES;
				GCC_C_LANGUAGE_STANDARD = gnu17;
				GCC_NO_COMMON_BLOCKS = YES;
				GCC_WARN_64_TO_32_BIT_CONVERSION = YES;
				GCC_WARN_ABOUT_RETURN_TYPE = YES_ERROR;
				GCC_WARN_UNDECLARED_SELECTOR = YES;
				GCC_WARN_UNINITIALIZED_AUTOS = YES_AGGRESSIVE;
				GCC_WARN_UNUSED_FUNCTION = YES;
				GCC_WARN_UNUSED_VARIABLE = YES;
				IPHONEOS_DEPLOYMENT_TARGET = 17.2;
				LOCALIZATION_PREFERS_STRING_CATALOGS = YES;
				MTL_ENABLE_DEBUG_INFO = NO;
				MTL_FAST_MATH = YES;
				SDKROOT = iphoneos;
				SWIFT_COMPILATION_MODE = wholemodule;
				VALIDATE_PRODUCT = YES;
			};
			name = Release;
		};
		3B631E942C1AF96500F03A1B /* Debug */ = {
			isa = XCBuildConfiguration;
			buildSettings = {
				ASSETCATALOG_COMPILER_APPICON_NAME = AppIcon;
				ASSETCATALOG_COMPILER_GLOBAL_ACCENT_COLOR_NAME = AccentColor;
				CODE_SIGN_STYLE = Manual;
				CURRENT_PROJECT_VERSION = 1;
				DEVELOPMENT_TEAM = "";
				GENERATE_INFOPLIST_FILE = YES;
				INFOPLIST_FILE = reference/Info.plist;
				INFOPLIST_KEY_UIApplicationSupportsIndirectInputEvents = YES;
				INFOPLIST_KEY_UILaunchStoryboardName = LaunchScreen;
				INFOPLIST_KEY_UIMainStoryboardFile = Main;
				INFOPLIST_KEY_UISupportedInterfaceOrientations_iPad = "UIInterfaceOrientationPortrait UIInterfaceOrientationPortraitUpsideDown UIInterfaceOrientationLandscapeLeft UIInterfaceOrientationLandscapeRight";
				INFOPLIST_KEY_UISupportedInterfaceOrientations_iPhone = "UIInterfaceOrientationPortrait UIInterfaceOrientationLandscapeLeft UIInterfaceOrientationLandscapeRight";
				LD_RUNPATH_SEARCH_PATHS = (
					"$(inherited)",
					"@executable_path/Frameworks",
				);
				MARKETING_VERSION = 1.0;
				PRODUCT_BUNDLE_IDENTIFIER = jp.com.sample.reference;
				PRODUCT_NAME = "$(TARGET_NAME)";
				PROVISIONING_PROFILE_SPECIFIER = "";
				SWIFT_EMIT_LOC_STRINGS = YES;
				SWIFT_VERSION = 5.0;
				TARGETED_DEVICE_FAMILY = "1,2";
			};
			name = Debug;
		};
		3B631E952C1AF96500F03A1B /* Release */ = {
			isa = XCBuildConfiguration;
			buildSettings = {
				ASSETCATALOG_COMPILER_APPICON_NAME = AppIcon;
				ASSETCATALOG_COMPILER_GLOBAL_ACCENT_COLOR_NAME = AccentColor;
				CODE_SIGN_STYLE = Manual;
				CURRENT_PROJECT_VERSION = 1;
				DEVELOPMENT_TEAM = "";
				GENERATE_INFOPLIST_FILE = YES;
				INFOPLIST_FILE = reference/Info.plist;
				INFOPLIST_KEY_UIApplicationSupportsIndirectInputEvents = YES;
				INFOPLIST_KEY_UILaunchStoryboardName = LaunchScreen;
				INFOPLIST_KEY_UIMainStoryboardFile = Main;
				INFOPLIST_KEY_UISupportedInterfaceOrientations_iPad = "UIInterfaceOrientationPortrait UIInterfaceOrientationPortraitUpsideDown UIInterfaceOrientationLandscapeLeft UIInterfaceOrientationLandscapeRight";
				INFOPLIST_KEY_UISupportedInterfaceOrientations_iPhone = "UIInterfaceOrientationPortrait UIInterfaceOrientationLandscapeLeft UIInterfaceOrientationLandscapeRight";
				LD_RUNPATH_SEARCH_PATHS = (
					"$(inherited)",
					"@executable_path/Frameworks",
				);
				MARKETING_VERSION = 1.0;
				PRODUCT_BUNDLE_IDENTIFIER = jp.com.sample.reference;
				PRODUCT_NAME = "$(TARGET_NAME)";
				PROVISIONING_PROFILE_SPECIFIER = "";
				SWIFT_EMIT_LOC_STRINGS = YES;
				SWIFT_VERSION = 5.0;
				TARGETED_DEVICE_FAMILY = "1,2";
			};
			name = Release;
		};
		3B631E972C1AF96500F03A1B /* Debug */ = {
			isa = XCBuildConfiguration;
			buildSettings = {
				ALWAYS_EMBED_SWIFT_STANDARD_LIBRARIES = YES;
				BUNDLE_LOADER = "$(TEST_HOST)";
				CODE_SIGN_STYLE = Automatic;
				CURRENT_PROJECT_VERSION = 1;
				DEVELOPMENT_TEAM = ZAWCZ3R2YA;
				GENERATE_INFOPLIST_FILE = YES;
				IPHONEOS_DEPLOYMENT_TARGET = 17.2;
				MARKETING_VERSION = 1.0;
				PRODUCT_BUNDLE_IDENTIFIER = jp.com.sample.referenceTests;
				PRODUCT_NAME = "$(TARGET_NAME)";
				SWIFT_EMIT_LOC_STRINGS = NO;
				SWIFT_VERSION = 5.0;
				TARGETED_DEVICE_FAMILY = "1,2";
				TEST_HOST = "$(BUILT_PRODUCTS_DIR)/reference.app/$(BUNDLE_EXECUTABLE_FOLDER_PATH)/reference";
			};
			name = Debug;
		};
		3B631E982C1AF96500F03A1B /* Release */ = {
			isa = XCBuildConfiguration;
			buildSettings = {
				ALWAYS_EMBED_SWIFT_STANDARD_LIBRARIES = YES;
				BUNDLE_LOADER = "$(TEST_HOST)";
				CODE_SIGN_STYLE = Automatic;
				CURRENT_PROJECT_VERSION = 1;
				DEVELOPMENT_TEAM = ZAWCZ3R2YA;
				GENERATE_INFOPLIST_FILE = YES;
				IPHONEOS_DEPLOYMENT_TARGET = 17.2;
				MARKETING_VERSION = 1.0;
				PRODUCT_BUNDLE_IDENTIFIER = jp.com.sample.referenceTests;
				PRODUCT_NAME = "$(TARGET_NAME)";
				SWIFT_EMIT_LOC_STRINGS = NO;
				SWIFT_VERSION = 5.0;
				TARGETED_DEVICE_FAMILY = "1,2";
				TEST_HOST = "$(BUILT_PRODUCTS_DIR)/reference.app/$(BUNDLE_EXECUTABLE_FOLDER_PATH)/reference";
			};
			name = Release;
		};
		3B631E9A2C1AF96500F03A1B /* Debug */ = {
			isa = XCBuildConfiguration;
			buildSettings = {
				ALWAYS_EMBED_SWIFT_STANDARD_LIBRARIES = YES;
				CODE_SIGN_STYLE = Automatic;
				CURRENT_PROJECT_VERSION = 1;
				DEVELOPMENT_TEAM = ZAWCZ3R2YA;
				GENERATE_INFOPLIST_FILE = YES;
				MARKETING_VERSION = 1.0;
				PRODUCT_BUNDLE_IDENTIFIER = jp.com.sample.referenceUITests;
				PRODUCT_NAME = "$(TARGET_NAME)";
				SWIFT_EMIT_LOC_STRINGS = NO;
				SWIFT_VERSION = 5.0;
				TARGETED_DEVICE_FAMILY = "1,2";
				TEST_TARGET_NAME = reference;
			};
			name = Debug;
		};
		3B631E9B2C1AF96500F03A1B /* Release */ = {
			isa = XCBuildConfiguration;
			buildSettings = {
				ALWAYS_EMBED_SWIFT_STANDARD_LIBRARIES = YES;
				CODE_SIGN_STYLE = Automatic;
				CURRENT_PROJECT_VERSION = 1;
				DEVELOPMENT_TEAM = ZAWCZ3R2YA;
				GENERATE_INFOPLIST_FILE = YES;
				MARKETING_VERSION = 1.0;
				PRODUCT_BUNDLE_IDENTIFIER = jp.com.sample.referenceUITests;
				PRODUCT_NAME = "$(TARGET_NAME)";
				SWIFT_EMIT_LOC_STRINGS = NO;
				SWIFT_VERSION = 5.0;
				TARGETED_DEVICE_FAMILY = "1,2";
				TEST_TARGET_NAME = reference;
			};
			name = Release;
		};
/* End XCBuildConfiguration section */

/* Begin XCConfigurationList section */
		3B631E642C1AF96300F03A1B /* Build configuration list for PBXProject "reference" */ = {
			isa = XCConfigurationList;
			buildConfigurations = (
				3B631E912C1AF96500F03A1B /* Debug */,
				3B631E922C1AF96500F03A1B /* Release */,
			);
			defaultConfigurationIsVisible = 0;
			defaultConfigurationName = Release;
		};
		3B631E932C1AF96500F03A1B /* Build configuration list for PBXNativeTarget "reference" */ = {
			isa = XCConfigurationList;
			buildConfigurations = (
				3B631E942C1AF96500F03A1B /* Debug */,
				3B631E952C1AF96500F03A1B /* Release */,
			);
			defaultConfigurationIsVisible = 0;
			defaultConfigurationName = Release;
		};
		3B631E962C1AF96500F03A1B /* Build configuration list for PBXNativeTarget "referenceTests" */ = {
			isa = XCConfigurationList;
			buildConfigurations = (
				3B631E972C1AF96500F03A1B /* Debug */,
				3B631E982C1AF96500F03A1B /* Release */,
			);
			defaultConfigurationIsVisible = 0;
			defaultConfigurationName = Release;
		};
		3B631E992C1AF96500F03A1B /* Build configuration list for PBXNativeTarget "referenceUITests" */ = {
			isa = XCConfigurationList;
			buildConfigurations = (
				3B631E9A2C1AF96500F03A1B /* Debug */,
				3B631E9B2C1AF96500F03A1B /* Release */,
			);
			defaultConfigurationIsVisible = 0;
			defaultConfigurationName = Release;
		};
/* End XCConfigurationList section */

/* Begin XCRemoteSwiftPackageReference section */
		3B631E9C2C1AFBB600F03A1B /* XCRemoteSwiftPackageReference "KeychainAccess" */ = {
			isa = XCRemoteSwiftPackageReference;
			repositoryURL = "https://github.com/kishikawakatsumi/KeychainAccess.git";
			requirement = {
				branch = master;
				kind = branch;
			};
		};
		3B631E9F2C1AFBC000F03A1B /* XCRemoteSwiftPackageReference "Alamofire" */ = {
			isa = XCRemoteSwiftPackageReference;
			repositoryURL = "https://github.com/Alamofire/Alamofire.git";
			requirement = {
				kind = upToNextMajorVersion;
				minimumVersion = 5.9.1;
			};
		};
		3B631EA02C1AFBCC00F03A1B /* XCRemoteSwiftPackageReference "Kingfisher" */ = {
			isa = XCRemoteSwiftPackageReference;
			repositoryURL = "https://github.com/onevcat/Kingfisher.git";
			requirement = {
				kind = upToNextMajorVersion;
				minimumVersion = 7.12.0;
			};
		};
		3B631EA32C1AFC0900F03A1B /* XCRemoteSwiftPackageReference "PKHUD" */ = {
			isa = XCRemoteSwiftPackageReference;
			repositoryURL = "https://github.com/pkluz/PKHUD.git";
			requirement = {
				kind = upToNextMajorVersion;
				minimumVersion = 5.4.0;
			};
		};
/* End XCRemoteSwiftPackageReference section */

/* Begin XCSwiftPackageProductDependency section */
		3B631E9D2C1AFBB600F03A1B /* KeychainAccess */ = {
			isa = XCSwiftPackageProductDependency;
			package = 3B631E9C2C1AFBB600F03A1B /* XCRemoteSwiftPackageReference "KeychainAccess" */;
			productName = KeychainAccess;
		};
		3B631EA12C1AFBCC00F03A1B /* Kingfisher */ = {
			isa = XCSwiftPackageProductDependency;
			package = 3B631EA02C1AFBCC00F03A1B /* XCRemoteSwiftPackageReference "Kingfisher" */;
			productName = Kingfisher;
		};
		3B631EA42C1AFC0900F03A1B /* PKHUD */ = {
			isa = XCSwiftPackageProductDependency;
			package = 3B631EA32C1AFC0900F03A1B /* XCRemoteSwiftPackageReference "PKHUD" */;
			productName = PKHUD;
		};
/* End XCSwiftPackageProductDependency section */
	};
	rootObject = 3B631E612C1AF96300F03A1B /* Project object */;
}
